
Microsoft Visual Studio Solution File, Format Version 12.00
# Visual Studio Version 16
VisualStudioVersion = 16.0.29728.190
MinimumVisualStudioVersion = 10.0.40219.1
Project("{FAE04EC0-301F-11D3-BF4B-00C04F79EFBC}") = "groupProject", "groupProject.csproj", "{D327906B-BC20-474A-82DD-DDFC7E70D6E0}"
EndProject
Global
	GlobalSection(SolutionConfigurationPlatforms) = preSolution
		Debug|Any CPU = Debug|Any CPU
		Release|Any CPU = Release|Any CPU
	EndGlobalSection
	GlobalSection(ProjectConfigurationPlatforms) = postSolution
		{D327906B-BC20-474A-82DD-DDFC7E70D6E0}.Debug|Any CPU.ActiveCfg = Debug|Any CPU
		{D327906B-BC20-474A-82DD-DDFC7E70D6E0}.Debug|Any CPU.Build.0 = Debug|Any CPU
		{D327906B-BC20-474A-82DD-DDFC7E70D6E0}.Release|Any CPU.ActiveCfg = Release|Any CPU
		{D327906B-BC20-474A-82DD-DDFC7E70D6E0}.Release|Any CPU.Build.0 = Release|Any CPU
	EndGlobalSection
	GlobalSection(SolutionProperties) = preSolution
		HideSolutionNode = FALSE
	EndGlobalSection
	GlobalSection(ExtensibilityGlobals) = postSolution
		SolutionGuid = {874982FC-3E7A-4F2D-9382-691B0AEE966D}
	EndGlobalSection
EndGlobal
